
Microsoft Visual Studio Solution File, Format Version 12.00
# Visual Studio Version 16
VisualStudioVersion = 16.0.30717.126
MinimumVisualStudioVersion = 10.0.40219.1
Project("{9A19103F-16F7-4668-BE54-9A1E7A4F7556}") = "ePregledi.API", "ePregledi.API\ePregledi.API.csproj", "{CD301E64-BC55-45CB-A682-4D9D99E5E97E}"
EndProject
Project("{9A19103F-16F7-4668-BE54-9A1E7A4F7556}") = "ePregledi.Models", "ePregledi.Models\ePregledi.Models.csproj", "{2075D9E5-48F1-42B6-8171-25C94855C0A7}"
EndProject
Project("{FAE04EC0-301F-11D3-BF4B-00C04F79EFBC}") = "ePregledi.WinUI", "ePregledi.WinUI\ePregledi.WinUI.csproj", "{2DC308C4-9DA9-4DF3-8BA2-7BBE1DA8091D}"
EndProject
Project("{FAE04EC0-301F-11D3-BF4B-00C04F79EFBC}") = "ePregledi.MobileApp.UWP", "ePregledi.MobileApp\ePregledi.MobileApp.UWP\ePregledi.MobileApp.UWP.csproj", "{0FE117FC-8E77-458A-8809-C7F8ED7AA5FC}"
EndProject
Project("{9A19103F-16F7-4668-BE54-9A1E7A4F7556}") = "ePregledi.MobileApp", "ePregledi.MobileApp\ePregledi.MobileApp\ePregledi.MobileApp.csproj", "{002C3234-C145-4C20-8856-8B05B9D61665}"
EndProject
Global
	GlobalSection(SolutionConfigurationPlatforms) = preSolution
		Debug|Any CPU = Debug|Any CPU
		Debug|ARM = Debug|ARM
		Debug|ARM64 = Debug|ARM64
		Debug|x64 = Debug|x64
		Debug|x86 = Debug|x86
		Release|Any CPU = Release|Any CPU
		Release|ARM = Release|ARM
		Release|ARM64 = Release|ARM64
		Release|x64 = Release|x64
		Release|x86 = Release|x86
	EndGlobalSection
	GlobalSection(ProjectConfigurationPlatforms) = postSolution
		{CD301E64-BC55-45CB-A682-4D9D99E5E97E}.Debug|Any CPU.ActiveCfg = Debug|Any CPU
		{CD301E64-BC55-45CB-A682-4D9D99E5E97E}.Debug|Any CPU.Build.0 = Debug|Any CPU
		{CD301E64-BC55-45CB-A682-4D9D99E5E97E}.Debug|ARM.ActiveCfg = Debug|Any CPU
		{CD301E64-BC55-45CB-A682-4D9D99E5E97E}.Debug|ARM.Build.0 = Debug|Any CPU
		{CD301E64-BC55-45CB-A682-4D9D99E5E97E}.Debug|ARM64.ActiveCfg = Debug|Any CPU
		{CD301E64-BC55-45CB-A682-4D9D99E5E97E}.Debug|ARM64.Build.0 = Debug|Any CPU
		{CD301E64-BC55-45CB-A682-4D9D99E5E97E}.Debug|x64.ActiveCfg = Debug|Any CPU
		{CD301E64-BC55-45CB-A682-4D9D99E5E97E}.Debug|x64.Build.0 = Debug|Any CPU
		{CD301E64-BC55-45CB-A682-4D9D99E5E97E}.Debug|x86.ActiveCfg = Debug|Any CPU
		{CD301E64-BC55-45CB-A682-4D9D99E5E97E}.Debug|x86.Build.0 = Debug|Any CPU
		{CD301E64-BC55-45CB-A682-4D9D99E5E97E}.Release|Any CPU.ActiveCfg = Release|Any CPU
		{CD301E64-BC55-45CB-A682-4D9D99E5E97E}.Release|Any CPU.Build.0 = Release|Any CPU
		{CD301E64-BC55-45CB-A682-4D9D99E5E97E}.Release|ARM.ActiveCfg = Release|Any CPU
		{CD301E64-BC55-45CB-A682-4D9D99E5E97E}.Release|ARM.Build.0 = Release|Any CPU
		{CD301E64-BC55-45CB-A682-4D9D99E5E97E}.Release|ARM64.ActiveCfg = Release|Any CPU
		{CD301E64-BC55-45CB-A682-4D9D99E5E97E}.Release|ARM64.Build.0 = Release|Any CPU
		{CD301E64-BC55-45CB-A682-4D9D99E5E97E}.Release|x64.ActiveCfg = Release|Any CPU
		{CD301E64-BC55-45CB-A682-4D9D99E5E97E}.Release|x64.Build.0 = Release|Any CPU
		{CD301E64-BC55-45CB-A682-4D9D99E5E97E}.Release|x86.ActiveCfg = Release|Any CPU
		{CD301E64-BC55-45CB-A682-4D9D99E5E97E}.Release|x86.Build.0 = Release|Any CPU
		{2075D9E5-48F1-42B6-8171-25C94855C0A7}.Debug|Any CPU.ActiveCfg = Debug|Any CPU
		{2075D9E5-48F1-42B6-8171-25C94855C0A7}.Debug|Any CPU.Build.0 = Debug|Any CPU
		{2075D9E5-48F1-42B6-8171-25C94855C0A7}.Debug|ARM.ActiveCfg = Debug|Any CPU
		{2075D9E5-48F1-42B6-8171-25C94855C0A7}.Debug|ARM.Build.0 = Debug|Any CPU
		{2075D9E5-48F1-42B6-8171-25C94855C0A7}.Debug|ARM64.ActiveCfg = Debug|Any CPU
		{2075D9E5-48F1-42B6-8171-25C94855C0A7}.Debug|ARM64.Build.0 = Debug|Any CPU
		{2075D9E5-48F1-42B6-8171-25C94855C0A7}.Debug|x64.ActiveCfg = Debug|Any CPU
		{2075D9E5-48F1-42B6-8171-25C94855C0A7}.Debug|x64.Build.0 = Debug|Any CPU
		{2075D9E5-48F1-42B6-8171-25C94855C0A7}.Debug|x86.ActiveCfg = Debug|Any CPU
		{2075D9E5-48F1-42B6-8171-25C94855C0A7}.Debug|x86.Build.0 = Debug|Any CPU
		{2075D9E5-48F1-42B6-8171-25C94855C0A7}.Release|Any CPU.ActiveCfg = Release|Any CPU
		{2075D9E5-48F1-42B6-8171-25C94855C0A7}.Release|Any CPU.Build.0 = Release|Any CPU
		{2075D9E5-48F1-42B6-8171-25C94855C0A7}.Release|ARM.ActiveCfg = Release|Any CPU
		{2075D9E5-48F1-42B6-8171-25C94855C0A7}.Release|ARM.Build.0 = Release|Any CPU
		{2075D9E5-48F1-42B6-8171-25C94855C0A7}.Release|ARM64.ActiveCfg = Release|Any CPU
		{2075D9E5-48F1-42B6-8171-25C94855C0A7}.Release|ARM64.Build.0 = Release|Any CPU
		{2075D9E5-48F1-42B6-8171-25C94855C0A7}.Release|x64.ActiveCfg = Release|Any CPU
		{2075D9E5-48F1-42B6-8171-25C94855C0A7}.Release|x64.Build.0 = Release|Any CPU
		{2075D9E5-48F1-42B6-8171-25C94855C0A7}.Release|x86.ActiveCfg = Release|Any CPU
		{2075D9E5-48F1-42B6-8171-25C94855C0A7}.Release|x86.Build.0 = Release|Any CPU
		{2DC308C4-9DA9-4DF3-8BA2-7BBE1DA8091D}.Debug|Any CPU.ActiveCfg = Debug|Any CPU
		{2DC308C4-9DA9-4DF3-8BA2-7BBE1DA8091D}.Debug|Any CPU.Build.0 = Debug|Any CPU
		{2DC308C4-9DA9-4DF3-8BA2-7BBE1DA8091D}.Debug|ARM.ActiveCfg = Debug|Any CPU
		{2DC308C4-9DA9-4DF3-8BA2-7BBE1DA8091D}.Debug|ARM.Build.0 = Debug|Any CPU
		{2DC308C4-9DA9-4DF3-8BA2-7BBE1DA8091D}.Debug|ARM64.ActiveCfg = Debug|Any CPU
		{2DC308C4-9DA9-4DF3-8BA2-7BBE1DA8091D}.Debug|ARM64.Build.0 = Debug|Any CPU
		{2DC308C4-9DA9-4DF3-8BA2-7BBE1DA8091D}.Debug|x64.ActiveCfg = Debug|Any CPU
		{2DC308C4-9DA9-4DF3-8BA2-7BBE1DA8091D}.Debug|x64.Build.0 = Debug|Any CPU
		{2DC308C4-9DA9-4DF3-8BA2-7BBE1DA8091D}.Debug|x86.ActiveCfg = Debug|Any CPU
		{2DC308C4-9DA9-4DF3-8BA2-7BBE1DA8091D}.Debug|x86.Build.0 = Debug|Any CPU
		{2DC308C4-9DA9-4DF3-8BA2-7BBE1DA8091D}.Release|Any CPU.ActiveCfg = Release|Any CPU
		{2DC308C4-9DA9-4DF3-8BA2-7BBE1DA8091D}.Release|Any CPU.Build.0 = Release|Any CPU
		{2DC308C4-9DA9-4DF3-8BA2-7BBE1DA8091D}.Release|ARM.ActiveCfg = Release|Any CPU
		{2DC308C4-9DA9-4DF3-8BA2-7BBE1DA8091D}.Release|ARM.Build.0 = Release|Any CPU
		{2DC308C4-9DA9-4DF3-8BA2-7BBE1DA8091D}.Release|ARM64.ActiveCfg = Release|Any CPU
		{2DC308C4-9DA9-4DF3-8BA2-7BBE1DA8091D}.Release|ARM64.Build.0 = Release|Any CPU
		{2DC308C4-9DA9-4DF3-8BA2-7BBE1DA8091D}.Release|x64.ActiveCfg = Release|Any CPU
		{2DC308C4-9DA9-4DF3-8BA2-7BBE1DA8091D}.Release|x64.Build.0 = Release|Any CPU
		{2DC308C4-9DA9-4DF3-8BA2-7BBE1DA8091D}.Release|x86.ActiveCfg = Release|Any CPU
		{2DC308C4-9DA9-4DF3-8BA2-7BBE1DA8091D}.Release|x86.Build.0 = Release|Any CPU
		{0FE117FC-8E77-458A-8809-C7F8ED7AA5FC}.Debug|Any CPU.ActiveCfg = Debug|x86
		{0FE117FC-8E77-458A-8809-C7F8ED7AA5FC}.Debug|Any CPU.Build.0 = Debug|x86
		{0FE117FC-8E77-458A-8809-C7F8ED7AA5FC}.Debug|Any CPU.Deploy.0 = Debug|x86
		{0FE117FC-8E77-458A-8809-C7F8ED7AA5FC}.Debug|ARM.ActiveCfg = Debug|ARM
		{0FE117FC-8E77-458A-8809-C7F8ED7AA5FC}.Debug|ARM.Build.0 = Debug|ARM
		{0FE117FC-8E77-458A-8809-C7F8ED7AA5FC}.Debug|ARM.Deploy.0 = Debug|ARM
		{0FE117FC-8E77-458A-8809-C7F8ED7AA5FC}.Debug|ARM64.ActiveCfg = Debug|x86
		{0FE117FC-8E77-458A-8809-C7F8ED7AA5FC}.Debug|x64.ActiveCfg = Debug|x64
		{0FE117FC-8E77-458A-8809-C7F8ED7AA5FC}.Debug|x64.Build.0 = Debug|x64
		{0FE117FC-8E77-458A-8809-C7F8ED7AA5FC}.Debug|x64.Deploy.0 = Debug|x64
		{0FE117FC-8E77-458A-8809-C7F8ED7AA5FC}.Debug|x86.ActiveCfg = Debug|x86
		{0FE117FC-8E77-458A-8809-C7F8ED7AA5FC}.Debug|x86.Build.0 = Debug|x86
		{0FE117FC-8E77-458A-8809-C7F8ED7AA5FC}.Debug|x86.Deploy.0 = Debug|x86
		{0FE117FC-8E77-458A-8809-C7F8ED7AA5FC}.Release|Any CPU.ActiveCfg = Release|x86
		{0FE117FC-8E77-458A-8809-C7F8ED7AA5FC}.Release|ARM.ActiveCfg = Release|ARM
		{0FE117FC-8E77-458A-8809-C7F8ED7AA5FC}.Release|ARM.Build.0 = Release|ARM
		{0FE117FC-8E77-458A-8809-C7F8ED7AA5FC}.Release|ARM.Deploy.0 = Release|ARM
		{0FE117FC-8E77-458A-8809-C7F8ED7AA5FC}.Release|ARM64.ActiveCfg = Release|x86
		{0FE117FC-8E77-458A-8809-C7F8ED7AA5FC}.Release|x64.ActiveCfg = Release|x64
		{0FE117FC-8E77-458A-8809-C7F8ED7AA5FC}.Release|x64.Build.0 = Release|x64
		{0FE117FC-8E77-458A-8809-C7F8ED7AA5FC}.Release|x64.Deploy.0 = Release|x64
		{0FE117FC-8E77-458A-8809-C7F8ED7AA5FC}.Release|x86.ActiveCfg = Release|x86
		{0FE117FC-8E77-458A-8809-C7F8ED7AA5FC}.Release|x86.Build.0 = Release|x86
		{0FE117FC-8E77-458A-8809-C7F8ED7AA5FC}.Release|x86.Deploy.0 = Release|x86
		{002C3234-C145-4C20-8856-8B05B9D61665}.Debug|Any CPU.ActiveCfg = Debug|Any CPU
		{002C3234-C145-4C20-8856-8B05B9D61665}.Debug|Any CPU.Build.0 = Debug|Any CPU
		{002C3234-C145-4C20-8856-8B05B9D61665}.Debug|ARM.ActiveCfg = Debug|Any CPU
		{002C3234-C145-4C20-8856-8B05B9D61665}.Debug|ARM.Build.0 = Debug|Any CPU
		{002C3234-C145-4C20-8856-8B05B9D61665}.Debug|ARM64.ActiveCfg = Debug|Any CPU
		{002C3234-C145-4C20-8856-8B05B9D61665}.Debug|ARM64.Build.0 = Debug|Any CPU
		{002C3234-C145-4C20-8856-8B05B9D61665}.Debug|x64.ActiveCfg = Debug|Any CPU
		{002C3234-C145-4C20-8856-8B05B9D61665}.Debug|x64.Build.0 = Debug|Any CPU
		{002C3234-C145-4C20-8856-8B05B9D61665}.Debug|x86.ActiveCfg = Debug|Any CPU
		{002C3234-C145-4C20-8856-8B05B9D61665}.Debug|x86.Build.0 = Debug|Any CPU
		{002C3234-C145-4C20-8856-8B05B9D61665}.Release|Any CPU.ActiveCfg = Release|Any CPU
		{002C3234-C145-4C20-8856-8B05B9D61665}.Release|Any CPU.Build.0 = Release|Any CPU
		{002C3234-C145-4C20-8856-8B05B9D61665}.Release|ARM.ActiveCfg = Release|Any CPU
		{002C3234-C145-4C20-8856-8B05B9D61665}.Release|ARM.Build.0 = Release|Any CPU
		{002C3234-C145-4C20-8856-8B05B9D61665}.Release|ARM64.ActiveCfg = Release|Any CPU
		{002C3234-C145-4C20-8856-8B05B9D61665}.Release|ARM64.Build.0 = Release|Any CPU
		{002C3234-C145-4C20-8856-8B05B9D61665}.Release|x64.ActiveCfg = Release|Any CPU
		{002C3234-C145-4C20-8856-8B05B9D61665}.Release|x64.Build.0 = Release|Any CPU
		{002C3234-C145-4C20-8856-8B05B9D61665}.Release|x86.ActiveCfg = Release|Any CPU
		{002C3234-C145-4C20-8856-8B05B9D61665}.Release|x86.Build.0 = Release|Any CPU
	EndGlobalSection
	GlobalSection(SolutionProperties) = preSolution
		HideSolutionNode = FALSE
	EndGlobalSection
	GlobalSection(ExtensibilityGlobals) = postSolution
		SolutionGuid = {53F5E6E0-8CA8-4DF9-B8E2-209A22DC052D}
	EndGlobalSection
EndGlobal
